
Microsoft Visual Studio Solution File, Format Version 12.00
# Visual Studio Version 16
VisualStudioVersion = 16.0.31729.503
MinimumVisualStudioVersion = 10.0.40219.1
Project("{FAE04EC0-301F-11D3-BF4B-00C04F79EFBC}") = "Class7be", "Class7be\Class7be.csproj", "{4C9E7550-A9AE-4A5C-9DE9-844AA88EEA01}"
EndProject
Global
	GlobalSection(SolutionConfigurationPlatforms) = preSolution
		Debug|Any CPU = Debug|Any CPU
		Release|Any CPU = Release|Any CPU
	EndGlobalSection
	GlobalSection(ProjectConfigurationPlatforms) = postSolution
		{4C9E7550-A9AE-4A5C-9DE9-844AA88EEA01}.Debug|Any CPU.ActiveCfg = Debug|Any CPU
		{4C9E7550-A9AE-4A5C-9DE9-844AA88EEA01}.Debug|Any CPU.Build.0 = Debug|Any CPU
		{4C9E7550-A9AE-4A5C-9DE9-844AA88EEA01}.Release|Any CPU.ActiveCfg = Release|Any CPU
		{4C9E7550-A9AE-4A5C-9DE9-844AA88EEA01}.Release|Any CPU.Build.0 = Release|Any CPU
	EndGlobalSection
	GlobalSection(SolutionProperties) = preSolution
		HideSolutionNode = FALSE
	EndGlobalSection
	GlobalSection(ExtensibilityGlobals) = postSolution
		SolutionGuid = {86ED80A8-B50F-42A5-9E57-28BAAB81D699}
	EndGlobalSection
EndGlobal
